// !$*UTF8*$!
{
	archiveVersion = 1;
	classes = {
	};
	objectVersion = 50;
	objects = {

/* Begin PBXBuildFile section */
		4749D2B722C2C19700E5EC63 /* AppDelegate.m in Sources */ = {isa = PBXBuildFile; fileRef = 4749D2B622C2C19700E5EC63 /* AppDelegate.m */; };
		4749D2BA22C2C19700E5EC63 /* ViewController.m in Sources */ = {isa = PBXBuildFile; fileRef = 4749D2B922C2C19700E5EC63 /* ViewController.m */; };
		4749D2BD22C2C19700E5EC63 /* Main.storyboard in Resources */ = {isa = PBXBuildFile; fileRef = 4749D2BB22C2C19700E5EC63 /* Main.storyboard */; };
		4749D2BF22C2C19800E5EC63 /* Assets.xcassets in Resources */ = {isa = PBXBuildFile; fileRef = 4749D2BE22C2C19800E5EC63 /* Assets.xcassets */; };
		4749D2C222C2C19800E5EC63 /* LaunchScreen.storyboard in Resources */ = {isa = PBXBuildFile; fileRef = 4749D2C022C2C19800E5EC63 /* LaunchScreen.storyboard */; };
		4749D2C522C2C19800E5EC63 /* main.m in Sources */ = {isa = PBXBuildFile; fileRef = 4749D2C422C2C19800E5EC63 /* main.m */; };
		4749D2CF22C2C19800E5EC63 /* Tip_CalculatorTests.m in Sources */ = {isa = PBXBuildFile; fileRef = 4749D2CE22C2C19800E5EC63 /* Tip_CalculatorTests.m */; };
		4749D2DA22C2C19800E5EC63 /* Tip_CalculatorUITests.m in Sources */ = {isa = PBXBuildFile; fileRef = 4749D2D922C2C19800E5EC63 /* Tip_CalculatorUITests.m */; };
		4749D2E922C2DA7800E5EC63 /* SettingsViewController.m in Sources */ = {isa = PBXBuildFile; fileRef = 4749D2E822C2DA7800E5EC63 /* SettingsViewController.m */; };
/* End PBXBuildFile section */

/* Begin PBXContainerItemProxy section */
		4749D2CB22C2C19800E5EC63 /* PBXContainerItemProxy */ = {
			isa = PBXContainerItemProxy;
			containerPortal = 4749D2AA22C2C19700E5EC63 /* Project object */;
			proxyType = 1;
			remoteGlobalIDString = 4749D2B122C2C19700E5EC63;
			remoteInfo = "Tip Calculator";
		};
		4749D2D622C2C19800E5EC63 /* PBXContainerItemProxy */ = {
			isa = PBXContainerItemProxy;
			containerPortal = 4749D2AA22C2C19700E5EC63 /* Project object */;
			proxyType = 1;
			remoteGlobalIDString = 4749D2B122C2C19700E5EC63;
			remoteInfo = "Tip Calculator";
		};
/* End PBXContainerItemProxy section */

/* Begin PBXFileReference section */
		4749D2B222C2C19700E5EC63 /* Tip Calculator.app */ = {isa = PBXFileReference; explicitFileType = wrapper.application; includeInIndex = 0; path = "Tip Calculator.app"; sourceTree = BUILT_PRODUCTS_DIR; };
		4749D2B522C2C19700E5EC63 /* AppDelegate.h */ = {isa = PBXFileReference; lastKnownFileType = sourcecode.c.h; path = AppDelegate.h; sourceTree = "<group>"; };
		4749D2B622C2C19700E5EC63 /* AppDelegate.m */ = {isa = PBXFileReference; lastKnownFileType = sourcecode.c.objc; path = AppDelegate.m; sourceTree = "<group>"; };
		4749D2B822C2C19700E5EC63 /* ViewController.h */ = {isa = PBXFileReference; lastKnownFileType = sourcecode.c.h; path = ViewController.h; sourceTree = "<group>"; };
		4749D2B922C2C19700E5EC63 /* ViewController.m */ = {isa = PBXFileReference; lastKnownFileType = sourcecode.c.objc; path = ViewController.m; sourceTree = "<group>"; };
		4749D2BC22C2C19700E5EC63 /* Base */ = {isa = PBXFileReference; lastKnownFileType = file.storyboard; name = Base; path = Base.lproj/Main.storyboard; sourceTree = "<group>"; };
		4749D2BE22C2C19800E5EC63 /* Assets.xcassets */ = {isa = PBXFileReference; lastKnownFileType = folder.assetcatalog; path = Assets.xcassets; sourceTree = "<group>"; };
		4749D2C122C2C19800E5EC63 /* Base */ = {isa = PBXFileReference; lastKnownFileType = file.storyboard; name = Base; path = Base.lproj/LaunchScreen.storyboard; sourceTree = "<group>"; };
		4749D2C322C2C19800E5EC63 /* Info.plist */ = {isa = PBXFileReference; lastKnownFileType = text.plist.xml; path = Info.plist; sourceTree = "<group>"; };
		4749D2C422C2C19800E5EC63 /* main.m */ = {isa = PBXFileReference; lastKnownFileType = sourcecode.c.objc; path = main.m; sourceTree = "<group>"; };
		4749D2CA22C2C19800E5EC63 /* Tip CalculatorTests.xctest */ = {isa = PBXFileReference; explicitFileType = wrapper.cfbundle; includeInIndex = 0; path = "Tip CalculatorTests.xctest"; sourceTree = BUILT_PRODUCTS_DIR; };
		4749D2CE22C2C19800E5EC63 /* Tip_CalculatorTests.m */ = {isa = PBXFileReference; lastKnownFileType = sourcecode.c.objc; path = Tip_CalculatorTests.m; sourceTree = "<group>"; };
		4749D2D022C2C19800E5EC63 /* Info.plist */ = {isa = PBXFileReference; lastKnownFileType = text.plist.xml; path = Info.plist; sourceTree = "<group>"; };
		4749D2D522C2C19800E5EC63 /* Tip CalculatorUITests.xctest */ = {isa = PBXFileReference; explicitFileType = wrapper.cfbundle; includeInIndex = 0; path = "Tip CalculatorUITests.xctest"; sourceTree = BUILT_PRODUCTS_DIR; };
		4749D2D922C2C19800E5EC63 /* Tip_CalculatorUITests.m */ = {isa = PBXFileReference; lastKnownFileType = sourcecode.c.objc; path = Tip_CalculatorUITests.m; sourceTree = "<group>"; };
		4749D2DB22C2C19800E5EC63 /* Info.plist */ = {isa = PBXFileReference; lastKnownFileType = text.plist.xml; path = Info.plist; sourceTree = "<group>"; };
		4749D2E722C2DA7800E5EC63 /* SettingsViewController.h */ = {isa = PBXFileReference; lastKnownFileType = sourcecode.c.h; path = SettingsViewController.h; sourceTree = "<group>"; };
		4749D2E822C2DA7800E5EC63 /* SettingsViewController.m */ = {isa = PBXFileReference; lastKnownFileType = sourcecode.c.objc; path = SettingsViewController.m; sourceTree = "<group>"; };
/* End PBXFileReference section */

/* Begin PBXFrameworksBuildPhase section */
		4749D2AF22C2C19700E5EC63 /* Frameworks */ = {
			isa = PBXFrameworksBuildPhase;
			buildActionMask = 2147483647;
			files = (
			);
			runOnlyForDeploymentPostprocessing = 0;
		};
		4749D2C722C2C19800E5EC63 /* Frameworks */ = {
			isa = PBXFrameworksBuildPhase;
			buildActionMask = 2147483647;
			files = (
			);
			runOnlyForDeploymentPostprocessing = 0;
		};
		4749D2D222C2C19800E5EC63 /* Frameworks */ = {
			isa = PBXFrameworksBuildPhase;
			buildActionMask = 2147483647;
			files = (
			);
			runOnlyForDeploymentPostprocessing = 0;
		};
/* End PBXFrameworksBuildPhase section */

/* Begin PBXGroup section */
		4749D2A922C2C19700E5EC63 = {
			isa = PBXGroup;
			children = (
				4749D2B422C2C19700E5EC63 /* Tip Calculator */,
				4749D2CD22C2C19800E5EC63 /* Tip CalculatorTests */,
				4749D2D822C2C19800E5EC63 /* Tip CalculatorUITests */,
				4749D2B322C2C19700E5EC63 /* Products */,
			);
			sourceTree = "<group>";
		};
		4749D2B322C2C19700E5EC63 /* Products */ = {
			isa = PBXGroup;
			children = (
				4749D2B222C2C19700E5EC63 /* Tip Calculator.app */,
				4749D2CA22C2C19800E5EC63 /* Tip CalculatorTests.xctest */,
				4749D2D522C2C19800E5EC63 /* Tip CalculatorUITests.xctest */,
			);
			name = Products;
			sourceTree = "<group>";
		};
		4749D2B422C2C19700E5EC63 /* Tip Calculator */ = {
			isa = PBXGroup;
			children = (
				4749D2B522C2C19700E5EC63 /* AppDelegate.h */,
				4749D2B622C2C19700E5EC63 /* AppDelegate.m */,
				4749D2B822C2C19700E5EC63 /* ViewController.h */,
				4749D2B922C2C19700E5EC63 /* ViewController.m */,
				4749D2BB22C2C19700E5EC63 /* Main.storyboard */,
				4749D2E722C2DA7800E5EC63 /* SettingsViewController.h */,
				4749D2E822C2DA7800E5EC63 /* SettingsViewController.m */,
				4749D2BE22C2C19800E5EC63 /* Assets.xcassets */,
				4749D2C022C2C19800E5EC63 /* LaunchScreen.storyboard */,
				4749D2C322C2C19800E5EC63 /* Info.plist */,
				4749D2C422C2C19800E5EC63 /* main.m */,
			);
			path = "Tip Calculator";
			sourceTree = "<group>";
		};
		4749D2CD22C2C19800E5EC63 /* Tip CalculatorTests */ = {
			isa = PBXGroup;
			children = (
				4749D2CE22C2C19800E5EC63 /* Tip_CalculatorTests.m */,
				4749D2D022C2C19800E5EC63 /* Info.plist */,
			);
			path = "Tip CalculatorTests";
			sourceTree = "<group>";
		};
		4749D2D822C2C19800E5EC63 /* Tip CalculatorUITests */ = {
			isa = PBXGroup;
			children = (
				4749D2D922C2C19800E5EC63 /* Tip_CalculatorUITests.m */,
				4749D2DB22C2C19800E5EC63 /* Info.plist */,
			);
			path = "Tip CalculatorUITests";
			sourceTree = "<group>";
		};
/* End PBXGroup section */

/* Begin PBXNativeTarget section */
		4749D2B122C2C19700E5EC63 /* Tip Calculator */ = {
			isa = PBXNativeTarget;
			buildConfigurationList = 4749D2DE22C2C19800E5EC63 /* Build configuration list for PBXNativeTarget "Tip Calculator" */;
			buildPhases = (
				4749D2AE22C2C19700E5EC63 /* Sources */,
				4749D2AF22C2C19700E5EC63 /* Frameworks */,
				4749D2B022C2C19700E5EC63 /* Resources */,
			);
			buildRules = (
			);
			dependencies = (
			);
			name = "Tip Calculator";
			productName = "Tip Calculator";
			productReference = 4749D2B222C2C19700E5EC63 /* Tip Calculator.app */;
			productType = "com.apple.product-type.application";
		};
		4749D2C922C2C19800E5EC63 /* Tip CalculatorTests */ = {
			isa = PBXNativeTarget;
			buildConfigurationList = 4749D2E122C2C19800E5EC63 /* Build configuration list for PBXNativeTarget "Tip CalculatorTests" */;
			buildPhases = (
				4749D2C622C2C19800E5EC63 /* Sources */,
				4749D2C722C2C19800E5EC63 /* Frameworks */,
				4749D2C822C2C19800E5EC63 /* Resources */,
			);
			buildRules = (
			);
			dependencies = (
				4749D2CC22C2C19800E5EC63 /* PBXTargetDependency */,
			);
			name = "Tip CalculatorTests";
			productName = "Tip CalculatorTests";
			productReference = 4749D2CA22C2C19800E5EC63 /* Tip CalculatorTests.xctest */;
			productType = "com.apple.product-type.bundle.unit-test";
		};
		4749D2D422C2C19800E5EC63 /* Tip CalculatorUITests */ = {
			isa = PBXNativeTarget;
			buildConfigurationList = 4749D2E422C2C19800E5EC63 /* Build configuration list for PBXNativeTarget "Tip CalculatorUITests" */;
			buildPhases = (
				4749D2D122C2C19800E5EC63 /* Sources */,
				4749D2D222C2C19800E5EC63 /* Frameworks */,
				4749D2D322C2C19800E5EC63 /* Resources */,
			);
			buildRules = (
			);
			dependencies = (
				4749D2D722C2C19800E5EC63 /* PBXTargetDependency */,
			);
			name = "Tip CalculatorUITests";
			productName = "Tip CalculatorUITests";
			productReference = 4749D2D522C2C19800E5EC63 /* Tip CalculatorUITests.xctest */;
			productType = "com.apple.product-type.bundle.ui-testing";
		};
/* End PBXNativeTarget section */

/* Begin PBXProject section */
		4749D2AA22C2C19700E5EC63 /* Project object */ = {
			isa = PBXProject;
			attributes = {
				LastUpgradeCheck = 1020;
				ORGANIZATIONNAME = ilanashapiro;
				TargetAttributes = {
					4749D2B122C2C19700E5EC63 = {
						CreatedOnToolsVersion = 10.2.1;
					};
					4749D2C922C2C19800E5EC63 = {
						CreatedOnToolsVersion = 10.2.1;
						TestTargetID = 4749D2B122C2C19700E5EC63;
					};
					4749D2D422C2C19800E5EC63 = {
						CreatedOnToolsVersion = 10.2.1;
						TestTargetID = 4749D2B122C2C19700E5EC63;
					};
				};
			};
			buildConfigurationList = 4749D2AD22C2C19700E5EC63 /* Build configuration list for PBXProject "Tip Calculator" */;
			compatibilityVersion = "Xcode 9.3";
			developmentRegion = en;
			hasScannedForEncodings = 0;
			knownRegions = (
				en,
				Base,
			);
			mainGroup = 4749D2A922C2C19700E5EC63;
			productRefGroup = 4749D2B322C2C19700E5EC63 /* Products */;
			projectDirPath = "";
			projectRoot = "";
			targets = (
				4749D2B122C2C19700E5EC63 /* Tip Calculator */,
				4749D2C922C2C19800E5EC63 /* Tip CalculatorTests */,
				4749D2D422C2C19800E5EC63 /* Tip CalculatorUITests */,
			);
		};
/* End PBXProject section */

/* Begin PBXResourcesBuildPhase section */
		4749D2B022C2C19700E5EC63 /* Resources */ = {
			isa = PBXResourcesBuildPhase;
			buildActionMask = 2147483647;
			files = (
				4749D2C222C2C19800E5EC63 /* LaunchScreen.storyboard in Resources */,
				4749D2BF22C2C19800E5EC63 /* Assets.xcassets in Resources */,
				4749D2BD22C2C19700E5EC63 /* Main.storyboard in Resources */,
			);
			runOnlyForDeploymentPostprocessing = 0;
		};
		4749D2C822C2C19800E5EC63 /* Resources */ = {
			isa = PBXResourcesBuildPhase;
			buildActionMask = 2147483647;
			files = (
			);
			runOnlyForDeploymentPostprocessing = 0;
		};
		4749D2D322C2C19800E5EC63 /* Resources */ = {
			isa = PBXResourcesBuildPhase;
			buildActionMask = 2147483647;
			files = (
			);
			runOnlyForDeploymentPostprocessing = 0;
		};
/* End PBXResourcesBuildPhase section */

/* Begin PBXSourcesBuildPhase section */
		4749D2AE22C2C19700E5EC63 /* Sources */ = {
			isa = PBXSourcesBuildPhase;
			buildActionMask = 2147483647;
			files = (
				4749D2BA22C2C19700E5EC63 /* ViewController.m in Sources */,
				4749D2C522C2C19800E5EC63 /* main.m in Sources */,
				4749D2B722C2C19700E5EC63 /* AppDelegate.m in Sources */,
				4749D2E922C2DA7800E5EC63 /* SettingsViewController.m in Sources */,
			);
			runOnlyForDeploymentPostprocessing = 0;
		};
		4749D2C622C2C19800E5EC63 /* Sources */ = {
			isa = PBXSourcesBuildPhase;
			buildActionMask = 2147483647;
			files = (
				4749D2CF22C2C19800E5EC63 /* Tip_CalculatorTests.m in Sources */,
			);
			runOnlyForDeploymentPostprocessing = 0;
		};
		4749D2D122C2C19800E5EC63 /* Sources */ = {
			isa = PBXSourcesBuildPhase;
			buildActionMask = 2147483647;
			files = (
				4749D2DA22C2C19800E5EC63 /* Tip_CalculatorUITests.m in Sources */,
			);
			runOnlyForDeploymentPostprocessing = 0;
		};
/* End PBXSourcesBuildPhase section */

/* Begin PBXTargetDependency section */
		4749D2CC22C2C19800E5EC63 /* PBXTargetDependency */ = {
			isa = PBXTargetDependency;
			target = 4749D2B122C2C19700E5EC63 /* Tip Calculator */;
			targetProxy = 4749D2CB22C2C19800E5EC63 /* PBXContainerItemProxy */;
		};
		4749D2D722C2C19800E5EC63 /* PBXTargetDependency */ = {
			isa = PBXTargetDependency;
			target = 4749D2B122C2C19700E5EC63 /* Tip Calculator */;
			targetProxy = 4749D2D622C2C19800E5EC63 /* PBXContainerItemProxy */;
		};
/* End PBXTargetDependency section */

/* Begin PBXVariantGroup section */
		4749D2BB22C2C19700E5EC63 /* Main.storyboard */ = {
			isa = PBXVariantGroup;
			children = (
				4749D2BC22C2C19700E5EC63 /* Base */,
			);
			name = Main.storyboard;
			sourceTree = "<group>";
		};
		4749D2C022C2C19800E5EC63 /* LaunchScreen.storyboard */ = {
			isa = PBXVariantGroup;
			children = (
				4749D2C122C2C19800E5EC63 /* Base */,
			);
			name = LaunchScreen.storyboard;
			sourceTree = "<group>";
		};
/* End PBXVariantGroup section */

/* Begin XCBuildConfiguration section */
		4749D2DC22C2C19800E5EC63 /* Debug */ = {
			isa = XCBuildConfiguration;
			buildSettings = {
				ALWAYS_SEARCH_USER_PATHS = NO;
				CLANG_ANALYZER_NONNULL = YES;
				CLANG_ANALYZER_NUMBER_OBJECT_CONVERSION = YES_AGGRESSIVE;
				CLANG_CXX_LANGUAGE_STANDARD = "gnu++14";
				CLANG_CXX_LIBRARY = "libc++";
				CLANG_ENABLE_MODULES = YES;
				CLANG_ENABLE_OBJC_ARC = YES;
				CLANG_ENABLE_OBJC_WEAK = YES;
				CLANG_WARN_BLOCK_CAPTURE_AUTORELEASING = YES;
				CLANG_WARN_BOOL_CONVERSION = YES;
				CLANG_WARN_COMMA = YES;
				CLANG_WARN_CONSTANT_CONVERSION = YES;
				CLANG_WARN_DEPRECATED_OBJC_IMPLEMENTATIONS = YES;
				CLANG_WARN_DIRECT_OBJC_ISA_USAGE = YES_ERROR;
				CLANG_WARN_DOCUMENTATION_COMMENTS = YES;
				CLANG_WARN_EMPTY_BODY = YES;
				CLANG_WARN_ENUM_CONVERSION = YES;
				CLANG_WARN_INFINITE_RECURSION = YES;
				CLANG_WARN_INT_CONVERSION = YES;
				CLANG_WARN_NON_LITERAL_NULL_CONVERSION = YES;
				CLANG_WARN_OBJC_IMPLICIT_RETAIN_SELF = YES;
				CLANG_WARN_OBJC_LITERAL_CONVERSION = YES;
				CLANG_WARN_OBJC_ROOT_CLASS = YES_ERROR;
				CLANG_WARN_RANGE_LOOP_ANALYSIS = YES;
				CLANG_WARN_STRICT_PROTOTYPES = YES;
				CLANG_WARN_SUSPICIOUS_MOVE = YES;
				CLANG_WARN_UNGUARDED_AVAILABILITY = YES_AGGRESSIVE;
				CLANG_WARN_UNREACHABLE_CODE = YES;
				CLANG_WARN__DUPLICATE_METHOD_MATCH = YES;
				CODE_SIGN_IDENTITY = "iPhone Developer";
				COPY_PHASE_STRIP = NO;
				DEBUG_INFORMATION_FORMAT = dwarf;
				ENABLE_STRICT_OBJC_MSGSEND = YES;
				ENABLE_TESTABILITY = YES;
				GCC_C_LANGUAGE_STANDARD = gnu11;
				GCC_DYNAMIC_NO_PIC = NO;
				GCC_NO_COMMON_BLOCKS = YES;
				GCC_OPTIMIZATION_LEVEL = 0;
				GCC_PREPROCESSOR_DEFINITIONS = (
					"DEBUG=1",
					"$(inherited)",
				);
				GCC_WARN_64_TO_32_BIT_CONVERSION = YES;
				GCC_WARN_ABOUT_RETURN_TYPE = YES_ERROR;
				GCC_WARN_UNDECLARED_SELECTOR = YES;
				GCC_WARN_UNINITIALIZED_AUTOS = YES_AGGRESSIVE;
				GCC_WARN_UNUSED_FUNCTION = YES;
				GCC_WARN_UNUSED_VARIABLE = YES;
				IPHONEOS_DEPLOYMENT_TARGET = 12.2;
				MTL_ENABLE_DEBUG_INFO = INCLUDE_SOURCE;
				MTL_FAST_MATH = YES;
				ONLY_ACTIVE_ARCH = YES;
				SDKROOT = iphoneos;
			};
			name = Debug;
		};
		4749D2DD22C2C19800E5EC63 /* Release */ = {
			isa = XCBuildConfiguration;
			buildSettings = {
				ALWAYS_SEARCH_USER_PATHS = NO;
				CLANG_ANALYZER_NONNULL = YES;
				CLANG_ANALYZER_NUMBER_OBJECT_CONVERSION = YES_AGGRESSIVE;
				CLANG_CXX_LANGUAGE_STANDARD = "gnu++14";
				CLANG_CXX_LIBRARY = "libc++";
				CLANG_ENABLE_MODULES = YES;
				CLANG_ENABLE_OBJC_ARC = YES;
				CLANG_ENABLE_OBJC_WEAK = YES;
				CLANG_WARN_BLOCK_CAPTURE_AUTORELEASING = YES;
				CLANG_WARN_BOOL_CONVERSION = YES;
				CLANG_WARN_COMMA = YES;
				CLANG_WARN_CONSTANT_CONVERSION = YES;
				CLANG_WARN_DEPRECATED_OBJC_IMPLEMENTATIONS = YES;
				CLANG_WARN_DIRECT_OBJC_ISA_USAGE = YES_ERROR;
				CLANG_WARN_DOCUMENTATION_COMMENTS = YES;
				CLANG_WARN_EMPTY_BODY = YES;
				CLANG_WARN_ENUM_CONVERSION = YES;
				CLANG_WARN_INFINITE_RECURSION = YES;
				CLANG_WARN_INT_CONVERSION = YES;
				CLANG_WARN_NON_LITERAL_NULL_CONVERSION = YES;
				CLANG_WARN_OBJC_IMPLICIT_RETAIN_SELF = YES;
				CLANG_WARN_OBJC_LITERAL_CONVERSION = YES;
				CLANG_WARN_OBJC_ROOT_CLASS = YES_ERROR;
				CLANG_WARN_RANGE_LOOP_ANALYSIS = YES;
				CLANG_WARN_STRICT_PROTOTYPES = YES;
				CLANG_WARN_SUSPICIOUS_MOVE = YES;
				CLANG_WARN_UNGUARDED_AVAILABILITY = YES_AGGRESSIVE;
				CLANG_WARN_UNREACHABLE_CODE = YES;
				CLANG_WARN__DUPLICATE_METHOD_MATCH = YES;
				CODE_SIGN_IDENTITY = "iPhone Developer";
				COPY_PHASE_STRIP = NO;
				DEBUG_INFORMATION_FORMAT = "dwarf-with-dsym";
				ENABLE_NS_ASSERTIONS = NO;
				ENABLE_STRICT_OBJC_MSGSEND = YES;
				GCC_C_LANGUAGE_STANDARD = gnu11;
				GCC_NO_COMMON_BLOCKS = YES;
				GCC_WARN_64_TO_32_BIT_CONVERSION = YES;
				GCC_WARN_ABOUT_RETURN_TYPE = YES_ERROR;
				GCC_WARN_UNDECLARED_SELECTOR = YES;
				GCC_WARN_UNINITIALIZED_AUTOS = YES_AGGRESSIVE;
				GCC_WARN_UNUSED_FUNCTION = YES;
				GCC_WARN_UNUSED_VARIABLE = YES;
				IPHONEOS_DEPLOYMENT_TARGET = 12.2;
				MTL_ENABLE_DEBUG_INFO = NO;
				MTL_FAST_MATH = YES;
				SDKROOT = iphoneos;
				VALIDATE_PRODUCT = YES;
			};
			name = Release;
		};
		4749D2DF22C2C19800E5EC63 /* Debug */ = {
			isa = XCBuildConfiguration;
			buildSettings = {
				ASSETCATALOG_COMPILER_APPICON_NAME = AppIcon;
				CODE_SIGN_STYLE = Automatic;
				DEVELOPMENT_TEAM = 8DH593U6VL;
				INFOPLIST_FILE = "Tip Calculator/Info.plist";
				LD_RUNPATH_SEARCH_PATHS = (
					"$(inherited)",
					"@executable_path/Frameworks",
				);
				PRODUCT_BUNDLE_IDENTIFIER = com.ilanashapiro.tips;
				PRODUCT_NAME = "$(TARGET_NAME)";
				TARGETED_DEVICE_FAMILY = "1,2";
			};
			name = Debug;
		};
		4749D2E022C2C19800E5EC63 /* Release */ = {
			isa = XCBuildConfiguration;
			buildSettings = {
				ASSETCATALOG_COMPILER_APPICON_NAME = AppIcon;
				CODE_SIGN_STYLE = Automatic;
				DEVELOPMENT_TEAM = 8DH593U6VL;
				INFOPLIST_FILE = "Tip Calculator/Info.plist";
				LD_RUNPATH_SEARCH_PATHS = (
					"$(inherited)",
					"@executable_path/Frameworks",
				);
				PRODUCT_BUNDLE_IDENTIFIER = com.ilanashapiro.tips;
				PRODUCT_NAME = "$(TARGET_NAME)";
				TARGETED_DEVICE_FAMILY = "1,2";
			};
			name = Release;
		};
		4749D2E222C2C19800E5EC63 /* Debug */ = {
			isa = XCBuildConfiguration;
			buildSettings = {
				BUNDLE_LOADER = "$(TEST_HOST)";
				CODE_SIGN_STYLE = Automatic;
				INFOPLIST_FILE = "Tip CalculatorTests/Info.plist";
				LD_RUNPATH_SEARCH_PATHS = (
					"$(inherited)",
					"@executable_path/Frameworks",
					"@loader_path/Frameworks",
				);
				PRODUCT_BUNDLE_IDENTIFIER = "com.ilanashapiro.Tip-CalculatorTests";
				PRODUCT_NAME = "$(TARGET_NAME)";
				TARGETED_DEVICE_FAMILY = "1,2";
				TEST_HOST = "$(BUILT_PRODUCTS_DIR)/Tip Calculator.app/Tip Calculator";
			};
			name = Debug;
		};
		4749D2E322C2C19800E5EC63 /* Release */ = {
			isa = XCBuildConfiguration;
			buildSettings = {
				BUNDLE_LOADER = "$(TEST_HOST)";
				CODE_SIGN_STYLE = Automatic;
				INFOPLIST_FILE = "Tip CalculatorTests/Info.plist";
				LD_RUNPATH_SEARCH_PATHS = (
					"$(inherited)",
					"@executable_path/Frameworks",
					"@loader_path/Frameworks",
				);
				PRODUCT_BUNDLE_IDENTIFIER = "com.ilanashapiro.Tip-CalculatorTests";
				PRODUCT_NAME = "$(TARGET_NAME)";
				TARGETED_DEVICE_FAMILY = "1,2";
				TEST_HOST = "$(BUILT_PRODUCTS_DIR)/Tip Calculator.app/Tip Calculator";
			};
			name = Release;
		};
		4749D2E522C2C19800E5EC63 /* Debug */ = {
			isa = XCBuildConfiguration;
			buildSettings = {
				CODE_SIGN_STYLE = Automatic;
				INFOPLIST_FILE = "Tip CalculatorUITests/Info.plist";
				LD_RUNPATH_SEARCH_PATHS = (
					"$(inherited)",
					"@executable_path/Frameworks",
					"@loader_path/Frameworks",
				);
				PRODUCT_BUNDLE_IDENTIFIER = "com.ilanashapiro.Tip-CalculatorUITests";
				PRODUCT_NAME = "$(TARGET_NAME)";
				TARGETED_DEVICE_FAMILY = "1,2";
				TEST_TARGET_NAME = "Tip Calculator";
			};
			name = Debug;
		};
		4749D2E622C2C19800E5EC63 /* Release */ = {
			isa = XCBuildConfiguration;
			buildSettings = {
				CODE_SIGN_STYLE = Automatic;
				INFOPLIST_FILE = "Tip CalculatorUITests/Info.plist";
				LD_RUNPATH_SEARCH_PATHS = (
					"$(inherited)",
					"@executable_path/Frameworks",
					"@loader_path/Frameworks",
				);
				PRODUCT_BUNDLE_IDENTIFIER = "com.ilanashapiro.Tip-CalculatorUITests";
				PRODUCT_NAME = "$(TARGET_NAME)";
				TARGETED_DEVICE_FAMILY = "1,2";
				TEST_TARGET_NAME = "Tip Calculator";
			};
			name = Release;
		};
/* End XCBuildConfiguration section */

/* Begin XCConfigurationList section */
		4749D2AD22C2C19700E5EC63 /* Build configuration list for PBXProject "Tip Calculator" */ = {
			isa = XCConfigurationList;
			buildConfigurations = (
				4749D2DC22C2C19800E5EC63 /* Debug */,
				4749D2DD22C2C19800E5EC63 /* Release */,
			);
			defaultConfigurationIsVisible = 0;
			defaultConfigurationName = Release;
		};
		4749D2DE22C2C19800E5EC63 /* Build configuration list for PBXNativeTarget "Tip Calculator" */ = {
			isa = XCConfigurationList;
			buildConfigurations = (
				4749D2DF22C2C19800E5EC63 /* Debug */,
				4749D2E022C2C19800E5EC63 /* Release */,
			);
			defaultConfigurationIsVisible = 0;
			defaultConfigurationName = Release;
		};
		4749D2E122C2C19800E5EC63 /* Build configuration list for PBXNativeTarget "Tip CalculatorTests" */ = {
			isa = XCConfigurationList;
			buildConfigurations = (
				4749D2E222C2C19800E5EC63 /* Debug */,
				4749D2E322C2C19800E5EC63 /* Release */,
			);
			defaultConfigurationIsVisible = 0;
			defaultConfigurationName = Release;
		};
		4749D2E422C2C19800E5EC63 /* Build configuration list for PBXNativeTarget "Tip CalculatorUITests" */ = {
			isa = XCConfigurationList;
			buildConfigurations = (
				4749D2E522C2C19800E5EC63 /* Debug */,
				4749D2E622C2C19800E5EC63 /* Release */,
			);
			defaultConfigurationIsVisible = 0;
			defaultConfigurationName = Release;
		};
/* End XCConfigurationList section */
	};
	rootObject = 4749D2AA22C2C19700E5EC63 /* Project object */;
}
